
Microsoft Visual Studio Solution File, Format Version 12.00
# Visual Studio Version 16
VisualStudioVersion = 16.0.31624.102
MinimumVisualStudioVersion = 10.0.40219.1
Project("{8BC9CEB8-8B4A-11D0-8D11-00A0C91BC942}") = "WinTest", "WinTest.vcxproj", "{21B6B95F-F67B-4F41-BF45-DD31D743603C}"
EndProject
Global
	GlobalSection(SolutionConfigurationPlatforms) = preSolution
		Debug|x64 = Debug|x64
		Release|x64 = Release|x64
	EndGlobalSection
	GlobalSection(ProjectConfigurationPlatforms) = postSolution
		{21B6B95F-F67B-4F41-BF45-DD31D743603C}.Debug|x64.ActiveCfg = Debug|x64
		{21B6B95F-F67B-4F41-BF45-DD31D743603C}.Debug|x64.Build.0 = Debug|x64
		{21B6B95F-F67B-4F41-BF45-DD31D743603C}.Release|x64.ActiveCfg = Release|x64
		{21B6B95F-F67B-4F41-BF45-DD31D743603C}.Release|x64.Build.0 = Release|x64
	EndGlobalSection
	GlobalSection(SolutionProperties) = preSolution
		HideSolutionNode = FALSE
	EndGlobalSection
	GlobalSection(ExtensibilityGlobals) = postSolution
		SolutionGuid = {105788A2-49AE-4FF7-846E-A73C35631502}
	EndGlobalSection
EndGlobal
