// !$*UTF8*$!
{
	archiveVersion = 1;
	classes = {
	};
	objectVersion = 42;
	objects = {

/* Begin PBXBuildFile section */
		A413D0220EC4E7F60046961B /* libboost_thread-xgcc40-mt-sd.a in Frameworks */ = {isa = PBXBuildFile; fileRef = A413D0210EC4E7F60046961B /* libboost_thread-xgcc40-mt-sd.a */; };
		A413D0240EC4E8340046961B /* libboost_system-xgcc40-mt-sd.a in Frameworks */ = {isa = PBXBuildFile; fileRef = A413D0230EC4E8340046961B /* libboost_system-xgcc40-mt-sd.a */; };
		A413D0410EC4E93B0046961B /* libboost_filesystem-xgcc40-mt-sd.a in Frameworks */ = {isa = PBXBuildFile; fileRef = A413D0400EC4E93B0046961B /* libboost_filesystem-xgcc40-mt-sd.a */; };
		A4927F8C10A0D98C00676138 /* Test.cpp in Sources */ = {isa = PBXBuildFile; fileRef = A4927F8B10A0D98C00676138 /* Test.cpp */; };
/* End PBXBuildFile section */

/* Begin PBXCopyFilesBuildPhase section */
		8DD76F690486A84900D96B5E /* CopyFiles */ = {
			isa = PBXCopyFilesBuildPhase;
			buildActionMask = 8;
			dstPath = /usr/share/man/man1/;
			dstSubfolderSpec = 0;
			files = (
			);
			runOnlyForDeploymentPostprocessing = 1;
		};
/* End PBXCopyFilesBuildPhase section */

/* Begin PBXFileReference section */
		8DD76F6C0486A84900D96B5E /* Test */ = {isa = PBXFileReference; explicitFileType = "compiled.mach-o.executable"; includeInIndex = 0; path = Test; sourceTree = BUILT_PRODUCTS_DIR; };
		A413D0210EC4E7F60046961B /* libboost_thread-xgcc40-mt-sd.a */ = {isa = PBXFileReference; lastKnownFileType = archive.ar; name = "libboost_thread-xgcc40-mt-sd.a"; path = "/boost/stage/lib/libboost_thread-xgcc40-mt-sd.a"; sourceTree = "<absolute>"; };
		A413D0230EC4E8340046961B /* libboost_system-xgcc40-mt-sd.a */ = {isa = PBXFileReference; lastKnownFileType = archive.ar; name = "libboost_system-xgcc40-mt-sd.a"; path = "/boost/stage/lib/libboost_system-xgcc40-mt-sd.a"; sourceTree = "<absolute>"; };
		A413D0400EC4E93B0046961B /* libboost_filesystem-xgcc40-mt-sd.a */ = {isa = PBXFileReference; lastKnownFileType = archive.ar; name = "libboost_filesystem-xgcc40-mt-sd.a"; path = "/boost/stage/lib/libboost_filesystem-xgcc40-mt-sd.a"; sourceTree = "<absolute>"; };
		A4927F8B10A0D98C00676138 /* Test.cpp */ = {isa = PBXFileReference; fileEncoding = 0; lastKnownFileType = sourcecode.cpp.cpp; path = Test.cpp; sourceTree = "<group>"; };
/* End PBXFileReference section */

/* Begin PBXFrameworksBuildPhase section */
		8DD76F660486A84900D96B5E /* Frameworks */ = {
			isa = PBXFrameworksBuildPhase;
			buildActionMask = 2147483647;
			files = (
				A413D0220EC4E7F60046961B /* libboost_thread-xgcc40-mt-sd.a in Frameworks */,
				A413D0240EC4E8340046961B /* libboost_system-xgcc40-mt-sd.a in Frameworks */,
				A413D0410EC4E93B0046961B /* libboost_filesystem-xgcc40-mt-sd.a in Frameworks */,
			);
			runOnlyForDeploymentPostprocessing = 0;
		};
/* End PBXFrameworksBuildPhase section */

/* Begin PBXGroup section */
		08FB7794FE84155DC02AAC07 /* Test */ = {
			isa = PBXGroup;
			children = (
				A413D0160EC4E7450046961B /* External Frameworks and Libraries */,
				08FB7795FE84155DC02AAC07 /* Source */,
				C6859E8C029090F304C91782 /* Documentation */,
				1AB674ADFE9D54B511CA2CBB /* Products */,
			);
			name = Test;
			sourceTree = "<group>";
		};
		08FB7795FE84155DC02AAC07 /* Source */ = {
			isa = PBXGroup;
			children = (
				A4927F8B10A0D98C00676138 /* Test.cpp */,
			);
			name = Source;
			sourceTree = "<group>";
		};
		1AB674ADFE9D54B511CA2CBB /* Products */ = {
			isa = PBXGroup;
			children = (
				8DD76F6C0486A84900D96B5E /* Test */,
			);
			name = Products;
			sourceTree = "<group>";
		};
		A413D0160EC4E7450046961B /* External Frameworks and Libraries */ = {
			isa = PBXGroup;
			children = (
				A413D0400EC4E93B0046961B /* libboost_filesystem-xgcc40-mt-sd.a */,
				A413D0230EC4E8340046961B /* libboost_system-xgcc40-mt-sd.a */,
				A413D0210EC4E7F60046961B /* libboost_thread-xgcc40-mt-sd.a */,
			);
			name = "External Frameworks and Libraries";
			sourceTree = "<group>";
		};
		C6859E8C029090F304C91782 /* Documentation */ = {
			isa = PBXGroup;
			children = (
			);
			name = Documentation;
			sourceTree = "<group>";
		};
/* End PBXGroup section */

/* Begin PBXNativeTarget section */
		8DD76F620486A84900D96B5E /* Test */ = {
			isa = PBXNativeTarget;
			buildConfigurationList = 1DEB923108733DC60010E9CD /* Build configuration list for PBXNativeTarget "Test" */;
			buildPhases = (
				8DD76F640486A84900D96B5E /* Sources */,
				8DD76F660486A84900D96B5E /* Frameworks */,
				8DD76F690486A84900D96B5E /* CopyFiles */,
			);
			buildRules = (
			);
			dependencies = (
			);
			name = Test;
			productInstallPath = "$(HOME)/bin";
			productName = Test;
			productReference = 8DD76F6C0486A84900D96B5E /* Test */;
			productType = "com.apple.product-type.tool";
		};
/* End PBXNativeTarget section */

/* Begin PBXProject section */
		08FB7793FE84155DC02AAC07 /* Project object */ = {
			isa = PBXProject;
			buildConfigurationList = 1DEB923508733DC60010E9CD /* Build configuration list for PBXProject "Test" */;
			hasScannedForEncodings = 1;
			mainGroup = 08FB7794FE84155DC02AAC07 /* Test */;
			projectDirPath = "";
			targets = (
				8DD76F620486A84900D96B5E /* Test */,
			);
		};
/* End PBXProject section */

/* Begin PBXSourcesBuildPhase section */
		8DD76F640486A84900D96B5E /* Sources */ = {
			isa = PBXSourcesBuildPhase;
			buildActionMask = 2147483647;
			files = (
				A4927F8C10A0D98C00676138 /* Test.cpp in Sources */,
			);
			runOnlyForDeploymentPostprocessing = 0;
		};
/* End PBXSourcesBuildPhase section */

/* Begin XCBuildConfiguration section */
		1DEB923208733DC60010E9CD /* Debug */ = {
			isa = XCBuildConfiguration;
			buildSettings = {
				COPY_PHASE_STRIP = NO;
				GCC_DYNAMIC_NO_PIC = NO;
				GCC_ENABLE_FIX_AND_CONTINUE = YES;
				GCC_MODEL_TUNING = G5;
				GCC_OPTIMIZATION_LEVEL = 0;
				INSTALL_PATH = "$(HOME)/bin";
				LIBRARY_SEARCH_PATHS = (
					"$(inherited)",
					/boost/stage/lib,
				);
				PRODUCT_NAME = Test;
				ZERO_LINK = YES;
			};
			name = Debug;
		};
		1DEB923308733DC60010E9CD /* Release */ = {
			isa = XCBuildConfiguration;
			buildSettings = {
				ARCHS = (
					ppc,
					i386,
				);
				GCC_GENERATE_DEBUGGING_SYMBOLS = NO;
				GCC_MODEL_TUNING = G5;
				INSTALL_PATH = "$(HOME)/bin";
				LIBRARY_SEARCH_PATHS = (
					"$(inherited)",
					/boost/stage/lib,
				);
				PRODUCT_NAME = Test;
			};
			name = Release;
		};
		1DEB923608733DC60010E9CD /* Debug */ = {
			isa = XCBuildConfiguration;
			buildSettings = {
				GCC_WARN_ABOUT_RETURN_TYPE = YES;
				GCC_WARN_UNUSED_VARIABLE = YES;
				HEADER_SEARCH_PATHS = (
					"$(HEADER_SEARCH_PATHS_QUOTED_FOR_PROJECT_1)",
					"$(HEADER_SEARCH_PATHS_QUOTED_FOR_PROJECT_2)",
				);
				HEADER_SEARCH_PATHS_QUOTED_FOR_PROJECT_1 = "\"/boost\"";
				HEADER_SEARCH_PATHS_QUOTED_FOR_PROJECT_2 = "\"~/Desktop/Develope/other/Plug5.0 boost/PlugTool/sys\"";
				PREBINDING = NO;
				SDKROOT = /Developer/SDKs/MacOSX10.4u.sdk;
			};
			name = Debug;
		};
		1DEB923708733DC60010E9CD /* Release */ = {
			isa = XCBuildConfiguration;
			buildSettings = {
				GCC_WARN_ABOUT_RETURN_TYPE = YES;
				GCC_WARN_UNUSED_VARIABLE = YES;
				HEADER_SEARCH_PATHS = (
					"$(HEADER_SEARCH_PATHS_QUOTED_FOR_PROJECT_1)",
					"$(HEADER_SEARCH_PATHS_QUOTED_FOR_PROJECT_2)",
				);
				HEADER_SEARCH_PATHS_QUOTED_FOR_PROJECT_1 = "\"/boost\"";
				HEADER_SEARCH_PATHS_QUOTED_FOR_PROJECT_2 = "\"~/Desktop/Develope/other/Plug5.0 boost/PlugTool/sys\"";
				PREBINDING = NO;
				SDKROOT = /Developer/SDKs/MacOSX10.4u.sdk;
			};
			name = Release;
		};
/* End XCBuildConfiguration section */

/* Begin XCConfigurationList section */
		1DEB923108733DC60010E9CD /* Build configuration list for PBXNativeTarget "Test" */ = {
			isa = XCConfigurationList;
			buildConfigurations = (
				1DEB923208733DC60010E9CD /* Debug */,
				1DEB923308733DC60010E9CD /* Release */,
			);
			defaultConfigurationIsVisible = 0;
			defaultConfigurationName = Release;
		};
		1DEB923508733DC60010E9CD /* Build configuration list for PBXProject "Test" */ = {
			isa = XCConfigurationList;
			buildConfigurations = (
				1DEB923608733DC60010E9CD /* Debug */,
				1DEB923708733DC60010E9CD /* Release */,
			);
			defaultConfigurationIsVisible = 0;
			defaultConfigurationName = Release;
		};
/* End XCConfigurationList section */
	};
	rootObject = 08FB7793FE84155DC02AAC07 /* Project object */;
}
