
Microsoft Visual Studio Solution File, Format Version 12.00
# Visual Studio 15
VisualStudioVersion = 15.0.28307.852
MinimumVisualStudioVersion = 10.0.40219.1
Project("{8BC9CEB8-8B4A-11D0-8D11-00A0C91BC942}") = "WinTest", "WinTest.vcxproj", "{B0FBF71F-6367-429A-A3CF-C467CE81C3FC}"
EndProject
Global
	GlobalSection(SolutionConfigurationPlatforms) = preSolution
		Debug|x64 = Debug|x64
		Debug|x86 = Debug|x86
		Release|x64 = Release|x64
		Release|x86 = Release|x86
	EndGlobalSection
	GlobalSection(ProjectConfigurationPlatforms) = postSolution
		{B0FBF71F-6367-429A-A3CF-C467CE81C3FC}.Debug|x64.ActiveCfg = Debug|x64
		{B0FBF71F-6367-429A-A3CF-C467CE81C3FC}.Debug|x64.Build.0 = Debug|x64
		{B0FBF71F-6367-429A-A3CF-C467CE81C3FC}.Debug|x86.ActiveCfg = Debug|Win32
		{B0FBF71F-6367-429A-A3CF-C467CE81C3FC}.Debug|x86.Build.0 = Debug|Win32
		{B0FBF71F-6367-429A-A3CF-C467CE81C3FC}.Release|x64.ActiveCfg = Release|x64
		{B0FBF71F-6367-429A-A3CF-C467CE81C3FC}.Release|x64.Build.0 = Release|x64
		{B0FBF71F-6367-429A-A3CF-C467CE81C3FC}.Release|x86.ActiveCfg = Release|Win32
		{B0FBF71F-6367-429A-A3CF-C467CE81C3FC}.Release|x86.Build.0 = Release|Win32
	EndGlobalSection
	GlobalSection(SolutionProperties) = preSolution
		HideSolutionNode = FALSE
	EndGlobalSection
	GlobalSection(ExtensibilityGlobals) = postSolution
		SolutionGuid = {11CF41CA-C6FE-47B5-BD6B-EB9DD0EE1FD4}
	EndGlobalSection
EndGlobal
